PODS:
  - ALMHelper (2.0.3):
    - AppLovinSDK
    - GoogleUserMessagingPlatform
    - MiTuKit
    - SkeletonView
  - AppLovinSDK (13.3.1)
  - GoogleUserMessagingPlatform (3.0.0)
  - MiTuKit (1.0.1)
  - SkeletonView (1.30.4)

DEPENDENCIES:
  - ALMHelper (from `../`)

SPEC REPOS:
  trunk:
    - AppLovinSDK
    - GoogleUserMessagingPlatform
    - MiTuKit
    - SkeletonView

EXTERNAL SOURCES:
  ALMHelper:
    :path: "../"

SPEC CHECKSUMS:
  ALMHelper: 35243197b893175f090b8bc733a2cea594290621
  AppLovinSDK: 5075837afdee4fb429121799b8cbcc5918ef3a23
  GoogleUserMessagingPlatform: f8d0cdad3ca835406755d0a69aa634f00e76d576
  MiTuKit: d5eaf307d9bb8576af5febe62597f1eae7052971
  SkeletonView: 5a050f6411e697abd4cda0a8d767013399dccd69

PODFILE CHECKSUM: 37db18a07e6e6529ddcc5692019eceffe9290db0

COCOAPODS: 1.16.2
